
Microsoft Visual Studio Solution File, Format Version 12.00
# Visual Studio Version 16
VisualStudioVersion = 16.0.30002.166
MinimumVisualStudioVersion = 10.0.40219.1
Project("{FAE04EC0-301F-11D3-BF4B-00C04F79EFBC}") = "CWM.CoreExtensions", "CWM.CoreExtensions\CWM.CoreExtensions.csproj", "{CAEFE5ED-B17F-494D-BF95-5589D4AB6CA5}"
EndProject
Global
	GlobalSection(SolutionConfigurationPlatforms) = preSolution
		Debug|Any CPU = Debug|Any CPU
		Release|Any CPU = Release|Any CPU
	EndGlobalSection
	GlobalSection(ProjectConfigurationPlatforms) = postSolution
		{CAEFE5ED-B17F-494D-BF95-5589D4AB6CA5}.Debug|Any CPU.ActiveCfg = Debug|Any CPU
		{CAEFE5ED-B17F-494D-BF95-5589D4AB6CA5}.Debug|Any CPU.Build.0 = Debug|Any CPU
		{CAEFE5ED-B17F-494D-BF95-5589D4AB6CA5}.Release|Any CPU.ActiveCfg = Release|Any CPU
		{CAEFE5ED-B17F-494D-BF95-5589D4AB6CA5}.Release|Any CPU.Build.0 = Release|Any CPU
	EndGlobalSection
	GlobalSection(SolutionProperties) = preSolution
		HideSolutionNode = FALSE
	EndGlobalSection
	GlobalSection(ExtensibilityGlobals) = postSolution
		SolutionGuid = {8E313EE3-5557-4B60-9FCD-C185F7643ADD}
	EndGlobalSection
EndGlobal
